
Microsoft Visual Studio Solution File, Format Version 12.00
# Visual Studio Version 17
VisualStudioVersion = 17.1.32421.90
MinimumVisualStudioVersion = 10.0.40219.1
Project("{FAE04EC0-301F-11D3-BF4B-00C04F79EFBC}") = "WebApplication1", "WebApplication1.csproj", "{2078C569-26FC-4EEC-8892-63B404FC1639}"
EndProject
Global
	GlobalSection(SolutionConfigurationPlatforms) = preSolution
		Debug|Any CPU = Debug|Any CPU
		Release|Any CPU = Release|Any CPU
	EndGlobalSection
	GlobalSection(ProjectConfigurationPlatforms) = postSolution
		{2078C569-26FC-4EEC-8892-63B404FC1639}.Debug|Any CPU.ActiveCfg = Debug|Any CPU
		{2078C569-26FC-4EEC-8892-63B404FC1639}.Debug|Any CPU.Build.0 = Debug|Any CPU
		{2078C569-26FC-4EEC-8892-63B404FC1639}.Release|Any CPU.ActiveCfg = Release|Any CPU
		{2078C569-26FC-4EEC-8892-63B404FC1639}.Release|Any CPU.Build.0 = Release|Any CPU
	EndGlobalSection
	GlobalSection(SolutionProperties) = preSolution
		HideSolutionNode = FALSE
	EndGlobalSection
	GlobalSection(ExtensibilityGlobals) = postSolution
		SolutionGuid = {D9680D0F-EC4A-48C4-973C-B851836CABB0}
	EndGlobalSection
EndGlobal
