
Microsoft Visual Studio Solution File, Format Version 12.00
# Visual Studio Version 17
VisualStudioVersion = 17.1.32421.90
MinimumVisualStudioVersion = 10.0.40219.1
Project("{FAE04EC0-301F-11D3-BF4B-00C04F79EFBC}") = "WebApplication2", "WebApplication2.csproj", "{6DF2EF65-A8E9-4EE3-B618-78B3499A7323}"
EndProject
Global
	GlobalSection(SolutionConfigurationPlatforms) = preSolution
		Debug|Any CPU = Debug|Any CPU
		Release|Any CPU = Release|Any CPU
	EndGlobalSection
	GlobalSection(ProjectConfigurationPlatforms) = postSolution
		{6DF2EF65-A8E9-4EE3-B618-78B3499A7323}.Debug|Any CPU.ActiveCfg = Debug|Any CPU
		{6DF2EF65-A8E9-4EE3-B618-78B3499A7323}.Debug|Any CPU.Build.0 = Debug|Any CPU
		{6DF2EF65-A8E9-4EE3-B618-78B3499A7323}.Release|Any CPU.ActiveCfg = Release|Any CPU
		{6DF2EF65-A8E9-4EE3-B618-78B3499A7323}.Release|Any CPU.Build.0 = Release|Any CPU
	EndGlobalSection
	GlobalSection(SolutionProperties) = preSolution
		HideSolutionNode = FALSE
	EndGlobalSection
	GlobalSection(ExtensibilityGlobals) = postSolution
		SolutionGuid = {6C18D109-26E8-4373-AD45-51C9740DB3F6}
	EndGlobalSection
EndGlobal
