
Microsoft Visual Studio Solution File, Format Version 12.00
# Visual Studio Version 17
VisualStudioVersion = 17.1.32421.90
MinimumVisualStudioVersion = 10.0.40219.1
Project("{9A19103F-16F7-4668-BE54-9A1E7A4F7556}") = "mipBackend", "mipBackend.csproj", "{F84E559C-1FD7-4033-A482-56B10CD9FBDE}"
EndProject
Global
	GlobalSection(SolutionConfigurationPlatforms) = preSolution
		Debug|Any CPU = Debug|Any CPU
		Release|Any CPU = Release|Any CPU
	EndGlobalSection
	GlobalSection(ProjectConfigurationPlatforms) = postSolution
		{F84E559C-1FD7-4033-A482-56B10CD9FBDE}.Debug|Any CPU.ActiveCfg = Debug|Any CPU
		{F84E559C-1FD7-4033-A482-56B10CD9FBDE}.Debug|Any CPU.Build.0 = Debug|Any CPU
		{F84E559C-1FD7-4033-A482-56B10CD9FBDE}.Release|Any CPU.ActiveCfg = Release|Any CPU
		{F84E559C-1FD7-4033-A482-56B10CD9FBDE}.Release|Any CPU.Build.0 = Release|Any CPU
	EndGlobalSection
	GlobalSection(SolutionProperties) = preSolution
		HideSolutionNode = FALSE
	EndGlobalSection
	GlobalSection(ExtensibilityGlobals) = postSolution
		SolutionGuid = {0C4E4387-3757-4D4E-A874-64C9D5F91A1B}
	EndGlobalSection
EndGlobal
